
Microsoft Visual Studio Solution File, Format Version 12.00
# Visual Studio Version 17
VisualStudioVersion = 17.7.34221.43
MinimumVisualStudioVersion = 10.0.40219.1
Project("{8BC9CEB8-8B4A-11D0-8D11-00A0C91BC942}") = "3.2", "3.2\3.2.vcxproj", "{EA4C5420-F558-4393-9105-2FF1831797AA}"
EndProject
Global
	GlobalSection(SolutionConfigurationPlatforms) = preSolution
		Debug|x64 = Debug|x64
		Debug|x86 = Debug|x86
		Release|x64 = Release|x64
		Release|x86 = Release|x86
	EndGlobalSection
	GlobalSection(ProjectConfigurationPlatforms) = postSolution
		{EA4C5420-F558-4393-9105-2FF1831797AA}.Debug|x64.ActiveCfg = Debug|x64
		{EA4C5420-F558-4393-9105-2FF1831797AA}.Debug|x64.Build.0 = Debug|x64
		{EA4C5420-F558-4393-9105-2FF1831797AA}.Debug|x86.ActiveCfg = Debug|Win32
		{EA4C5420-F558-4393-9105-2FF1831797AA}.Debug|x86.Build.0 = Debug|Win32
		{EA4C5420-F558-4393-9105-2FF1831797AA}.Release|x64.ActiveCfg = Release|x64
		{EA4C5420-F558-4393-9105-2FF1831797AA}.Release|x64.Build.0 = Release|x64
		{EA4C5420-F558-4393-9105-2FF1831797AA}.Release|x86.ActiveCfg = Release|Win32
		{EA4C5420-F558-4393-9105-2FF1831797AA}.Release|x86.Build.0 = Release|Win32
	EndGlobalSection
	GlobalSection(SolutionProperties) = preSolution
		HideSolutionNode = FALSE
	EndGlobalSection
	GlobalSection(ExtensibilityGlobals) = postSolution
		SolutionGuid = {087DE3C7-C1DC-4D3C-9CFC-CF7F880407FE}
	EndGlobalSection
EndGlobal
